// !$*UTF8*$!
{
	archiveVersion = 1;
	classes = {
	};
	objectVersion = 50;
	objects = {

/* Begin PBXBuildFile section */
		7F242FA625D3EF8600F672C6 /* CountdownTimer.mp3 in Resources */ = {isa = PBXBuildFile; fileRef = 7F242FA525D3EF8600F672C6 /* CountdownTimer.mp3 */; };
		7F57EE5F25D11A2200FB60EF /* TaskViewController.swift in Sources */ = {isa = PBXBuildFile; fileRef = 7F57EE5E25D11A2200FB60EF /* TaskViewController.swift */; };
		7FCAA3DD25D0178600B1EE41 /* AppDelegate.swift in Sources */ = {isa = PBXBuildFile; fileRef = 7FCAA3DC25D0178600B1EE41 /* AppDelegate.swift */; };
		7FCAA3DF25D0178600B1EE41 /* SceneDelegate.swift in Sources */ = {isa = PBXBuildFile; fileRef = 7FCAA3DE25D0178600B1EE41 /* SceneDelegate.swift */; };
		7FCAA3E125D0178600B1EE41 /* TimerViewController.swift in Sources */ = {isa = PBXBuildFile; fileRef = 7FCAA3E025D0178600B1EE41 /* TimerViewController.swift */; };
		7FCAA3E425D0178600B1EE41 /* Main.storyboard in Resources */ = {isa = PBXBuildFile; fileRef = 7FCAA3E225D0178600B1EE41 /* Main.storyboard */; };
		7FCAA3E625D0178700B1EE41 /* Assets.xcassets in Resources */ = {isa = PBXBuildFile; fileRef = 7FCAA3E525D0178700B1EE41 /* Assets.xcassets */; };
		7FCAA3E925D0178700B1EE41 /* LaunchScreen.storyboard in Resources */ = {isa = PBXBuildFile; fileRef = 7FCAA3E725D0178700B1EE41 /* LaunchScreen.storyboard */; };
		7FEC982625E35159003EB328 /* TimerBrain.swift in Sources */ = {isa = PBXBuildFile; fileRef = 7FEC982525E35159003EB328 /* TimerBrain.swift */; };
		9BF91AEF1DD813BE14D291E4 /* Pods_PomodoroTimer.framework in Frameworks */ = {isa = PBXBuildFile; fileRef = 9F75A986618B555E574CA53F /* Pods_PomodoroTimer.framework */; };
/* End PBXBuildFile section */

/* Begin PBXFileReference section */
		038BADAEC36AD4FDE83FEF47 /* Pods-PomodoroTimer.release.xcconfig */ = {isa = PBXFileReference; includeInIndex = 1; lastKnownFileType = text.xcconfig; name = "Pods-PomodoroTimer.release.xcconfig"; path = "Target Support Files/Pods-PomodoroTimer/Pods-PomodoroTimer.release.xcconfig"; sourceTree = "<group>"; };
		7F242FA525D3EF8600F672C6 /* CountdownTimer.mp3 */ = {isa = PBXFileReference; lastKnownFileType = audio.mp3; path = CountdownTimer.mp3; sourceTree = "<group>"; };
		7F57EE5E25D11A2200FB60EF /* TaskViewController.swift */ = {isa = PBXFileReference; lastKnownFileType = sourcecode.swift; path = TaskViewController.swift; sourceTree = "<group>"; };
		7FCAA3D925D0178600B1EE41 /* PomodoroTimer.app */ = {isa = PBXFileReference; explicitFileType = wrapper.application; includeInIndex = 0; path = PomodoroTimer.app; sourceTree = BUILT_PRODUCTS_DIR; };
		7FCAA3DC25D0178600B1EE41 /* AppDelegate.swift */ = {isa = PBXFileReference; lastKnownFileType = sourcecode.swift; path = AppDelegate.swift; sourceTree = "<group>"; };
		7FCAA3DE25D0178600B1EE41 /* SceneDelegate.swift */ = {isa = PBXFileReference; lastKnownFileType = sourcecode.swift; path = SceneDelegate.swift; sourceTree = "<group>"; };
		7FCAA3E025D0178600B1EE41 /* TimerViewController.swift */ = {isa = PBXFileReference; lastKnownFileType = sourcecode.swift; path = TimerViewController.swift; sourceTree = "<group>"; };
		7FCAA3E325D0178600B1EE41 /* Base */ = {isa = PBXFileReference; lastKnownFileType = file.storyboard; name = Base; path = Base.lproj/Main.storyboard; sourceTree = "<group>"; };
		7FCAA3E525D0178700B1EE41 /* Assets.xcassets */ = {isa = PBXFileReference; lastKnownFileType = folder.assetcatalog; path = Assets.xcassets; sourceTree = "<group>"; };
		7FCAA3E825D0178700B1EE41 /* Base */ = {isa = PBXFileReference; lastKnownFileType = file.storyboard; name = Base; path = Base.lproj/LaunchScreen.storyboard; sourceTree = "<group>"; };
		7FCAA3EA25D0178700B1EE41 /* Info.plist */ = {isa = PBXFileReference; lastKnownFileType = text.plist.xml; path = Info.plist; sourceTree = "<group>"; };
		7FEC982525E35159003EB328 /* TimerBrain.swift */ = {isa = PBXFileReference; lastKnownFileType = sourcecode.swift; path = TimerBrain.swift; sourceTree = "<group>"; };
		9F75A986618B555E574CA53F /* Pods_PomodoroTimer.framework */ = {isa = PBXFileReference; explicitFileType = wrapper.framework; includeInIndex = 0; path = Pods_PomodoroTimer.framework; sourceTree = BUILT_PRODUCTS_DIR; };
		C5E6CDBD72EA82848B36DA59 /* Pods-PomodoroTimer.debug.xcconfig */ = {isa = PBXFileReference; includeInIndex = 1; lastKnownFileType = text.xcconfig; name = "Pods-PomodoroTimer.debug.xcconfig"; path = "Target Support Files/Pods-PomodoroTimer/Pods-PomodoroTimer.debug.xcconfig"; sourceTree = "<group>"; };
/* End PBXFileReference section */

/* Begin PBXFrameworksBuildPhase section */
		7FCAA3D625D0178600B1EE41 /* Frameworks */ = {
			isa = PBXFrameworksBuildPhase;
			buildActionMask = 2147483647;
			files = (
				9BF91AEF1DD813BE14D291E4 /* Pods_PomodoroTimer.framework in Frameworks */,
			);
			runOnlyForDeploymentPostprocessing = 0;
		};
/* End PBXFrameworksBuildPhase section */

/* Begin PBXGroup section */
		7F242FA825D3EF9B00F672C6 /* Sounds */ = {
			isa = PBXGroup;
			children = (
				7F242FA525D3EF8600F672C6 /* CountdownTimer.mp3 */,
			);
			path = Sounds;
			sourceTree = "<group>";
		};
		7F98DE5825F5C75D007A3576 /* View */ = {
			isa = PBXGroup;
			children = (
				7FCAA3E225D0178600B1EE41 /* Main.storyboard */,
			);
			path = View;
			sourceTree = "<group>";
		};
		7FCAA3D025D0178600B1EE41 = {
			isa = PBXGroup;
			children = (
				7FCAA3DB25D0178600B1EE41 /* PomodoroTimer */,
				7FCAA3DA25D0178600B1EE41 /* Products */,
				A9FD369D94A4521EEC6492D4 /* Pods */,
				AE109CB455D5371FC314CC22 /* Frameworks */,
			);
			sourceTree = "<group>";
		};
		7FCAA3DA25D0178600B1EE41 /* Products */ = {
			isa = PBXGroup;
			children = (
				7FCAA3D925D0178600B1EE41 /* PomodoroTimer.app */,
			);
			name = Products;
			sourceTree = "<group>";
		};
		7FCAA3DB25D0178600B1EE41 /* PomodoroTimer */ = {
			isa = PBXGroup;
			children = (
				7FCAA3DC25D0178600B1EE41 /* AppDelegate.swift */,
				7FEC982925E3515E003EB328 /* Model */,
				7FEC982325E35129003EB328 /* Controller */,
				7F242FA825D3EF9B00F672C6 /* Sounds */,
				7FCAA3DE25D0178600B1EE41 /* SceneDelegate.swift */,
				7F98DE5825F5C75D007A3576 /* View */,
				7FCAA3E525D0178700B1EE41 /* Assets.xcassets */,
				7FCAA3E725D0178700B1EE41 /* LaunchScreen.storyboard */,
				7FCAA3EA25D0178700B1EE41 /* Info.plist */,
			);
			path = PomodoroTimer;
			sourceTree = "<group>";
		};
		7FEC982325E35129003EB328 /* Controller */ = {
			isa = PBXGroup;
			children = (
				7FCAA3E025D0178600B1EE41 /* TimerViewController.swift */,
				7F57EE5E25D11A2200FB60EF /* TaskViewController.swift */,
			);
			path = Controller;
			sourceTree = "<group>";
		};
		7FEC982925E3515E003EB328 /* Model */ = {
			isa = PBXGroup;
			children = (
				7FEC982525E35159003EB328 /* TimerBrain.swift */,
			);
			path = Model;
			sourceTree = "<group>";
		};
		A9FD369D94A4521EEC6492D4 /* Pods */ = {
			isa = PBXGroup;
			children = (
				C5E6CDBD72EA82848B36DA59 /* Pods-PomodoroTimer.debug.xcconfig */,
				038BADAEC36AD4FDE83FEF47 /* Pods-PomodoroTimer.release.xcconfig */,
			);
			path = Pods;
			sourceTree = "<group>";
		};
		AE109CB455D5371FC314CC22 /* Frameworks */ = {
			isa = PBXGroup;
			children = (
				9F75A986618B555E574CA53F /* Pods_PomodoroTimer.framework */,
			);
			name = Frameworks;
			sourceTree = "<group>";
		};
/* End PBXGroup section */

/* Begin PBXNativeTarget section */
		7FCAA3D825D0178600B1EE41 /* PomodoroTimer */ = {
			isa = PBXNativeTarget;
			buildConfigurationList = 7FCAA3ED25D0178700B1EE41 /* Build configuration list for PBXNativeTarget "PomodoroTimer" */;
			buildPhases = (
				1A5FF99C1CE0BF23DD94BEA4 /* [CP] Check Pods Manifest.lock */,
				7FCAA3D525D0178600B1EE41 /* Sources */,
				7FCAA3D625D0178600B1EE41 /* Frameworks */,
				7FCAA3D725D0178600B1EE41 /* Resources */,
			);
			buildRules = (
			);
			dependencies = (
			);
			name = PomodoroTimer;
			productName = PomodoroTimer;
			productReference = 7FCAA3D925D0178600B1EE41 /* PomodoroTimer.app */;
			productType = "com.apple.product-type.application";
		};
/* End PBXNativeTarget section */

/* Begin PBXProject section */
		7FCAA3D125D0178600B1EE41 /* Project object */ = {
			isa = PBXProject;
			attributes = {
				LastSwiftUpdateCheck = 1230;
				LastUpgradeCheck = 1230;
				TargetAttributes = {
					7FCAA3D825D0178600B1EE41 = {
						CreatedOnToolsVersion = 12.3;
					};
				};
			};
			buildConfigurationList = 7FCAA3D425D0178600B1EE41 /* Build configuration list for PBXProject "PomodoroTimer" */;
			compatibilityVersion = "Xcode 9.3";
			developmentRegion = en;
			hasScannedForEncodings = 0;
			knownRegions = (
				en,
				Base,
			);
			mainGroup = 7FCAA3D025D0178600B1EE41;
			productRefGroup = 7FCAA3DA25D0178600B1EE41 /* Products */;
			projectDirPath = "";
			projectRoot = "";
			targets = (
				7FCAA3D825D0178600B1EE41 /* PomodoroTimer */,
			);
		};
/* End PBXProject section */

/* Begin PBXResourcesBuildPhase section */
		7FCAA3D725D0178600B1EE41 /* Resources */ = {
			isa = PBXResourcesBuildPhase;
			buildActionMask = 2147483647;
			files = (
				7FCAA3E925D0178700B1EE41 /* LaunchScreen.storyboard in Resources */,
				7FCAA3E625D0178700B1EE41 /* Assets.xcassets in Resources */,
				7FCAA3E425D0178600B1EE41 /* Main.storyboard in Resources */,
				7F242FA625D3EF8600F672C6 /* CountdownTimer.mp3 in Resources */,
			);
			runOnlyForDeploymentPostprocessing = 0;
		};
/* End PBXResourcesBuildPhase section */

/* Begin PBXShellScriptBuildPhase section */
		1A5FF99C1CE0BF23DD94BEA4 /* [CP] Check Pods Manifest.lock */ = {
			isa = PBXShellScriptBuildPhase;
			buildActionMask = 2147483647;
			files = (
			);
			inputFileListPaths = (
			);
			inputPaths = (
				"${PODS_PODFILE_DIR_PATH}/Podfile.lock",
				"${PODS_ROOT}/Manifest.lock",
			);
			name = "[CP] Check Pods Manifest.lock";
			outputFileListPaths = (
			);
			outputPaths = (
				"$(DERIVED_FILE_DIR)/Pods-PomodoroTimer-checkManifestLockResult.txt",
			);
			runOnlyForDeploymentPostprocessing = 0;
			shellPath = /bin/sh;
			shellScript = "diff \"${PODS_PODFILE_DIR_PATH}/Podfile.lock\" \"${PODS_ROOT}/Manifest.lock\" > /dev/null\nif [ $? != 0 ] ; then\n    # print error to STDERR\n    echo \"error: The sandbox is not in sync with the Podfile.lock. Run 'pod install' or update your CocoaPods installation.\" >&2\n    exit 1\nfi\n# This output is used by Xcode 'outputs' to avoid re-running this script phase.\necho \"SUCCESS\" > \"${SCRIPT_OUTPUT_FILE_0}\"\n";
			showEnvVarsInLog = 0;
		};
/* End PBXShellScriptBuildPhase section */

/* Begin PBXSourcesBuildPhase section */
		7FCAA3D525D0178600B1EE41 /* Sources */ = {
			isa = PBXSourcesBuildPhase;
			buildActionMask = 2147483647;
			files = (
				7FCAA3E125D0178600B1EE41 /* TimerViewController.swift in Sources */,
				7FCAA3DD25D0178600B1EE41 /* AppDelegate.swift in Sources */,
				7F57EE5F25D11A2200FB60EF /* TaskViewController.swift in Sources */,
				7FCAA3DF25D0178600B1EE41 /* SceneDelegate.swift in Sources */,
				7FEC982625E35159003EB328 /* TimerBrain.swift in Sources */,
			);
			runOnlyForDeploymentPostprocessing = 0;
		};
/* End PBXSourcesBuildPhase section */

/* Begin PBXVariantGroup section */
		7FCAA3E225D0178600B1EE41 /* Main.storyboard */ = {
			isa = PBXVariantGroup;
			children = (
				7FCAA3E325D0178600B1EE41 /* Base */,
			);
			name = Main.storyboard;
			sourceTree = "<group>";
		};
		7FCAA3E725D0178700B1EE41 /* LaunchScreen.storyboard */ = {
			isa = PBXVariantGroup;
			children = (
				7FCAA3E825D0178700B1EE41 /* Base */,
			);
			name = LaunchScreen.storyboard;
			sourceTree = "<group>";
		};
/* End PBXVariantGroup section */

/* Begin XCBuildConfiguration section */
		7FCAA3EB25D0178700B1EE41 /* Debug */ = {
			isa = XCBuildConfiguration;
			buildSettings = {
				ALWAYS_SEARCH_USER_PATHS = NO;
				CLANG_ANALYZER_NONNULL = YES;
				CLANG_ANALYZER_NUMBER_OBJECT_CONVERSION = YES_AGGRESSIVE;
				CLANG_CXX_LANGUAGE_STANDARD = "gnu++14";
				CLANG_CXX_LIBRARY = "libc++";
				CLANG_ENABLE_MODULES = YES;
				CLANG_ENABLE_OBJC_ARC = YES;
				CLANG_ENABLE_OBJC_WEAK = YES;
				CLANG_WARN_BLOCK_CAPTURE_AUTORELEASING = YES;
				CLANG_WARN_BOOL_CONVERSION = YES;
				CLANG_WARN_COMMA = YES;
				CLANG_WARN_CONSTANT_CONVERSION = YES;
				CLANG_WARN_DEPRECATED_OBJC_IMPLEMENTATIONS = YES;
				CLANG_WARN_DIRECT_OBJC_ISA_USAGE = YES_ERROR;
				CLANG_WARN_DOCUMENTATION_COMMENTS = YES;
				CLANG_WARN_EMPTY_BODY = YES;
				CLANG_WARN_ENUM_CONVERSION = YES;
				CLANG_WARN_INFINITE_RECURSION = YES;
				CLANG_WARN_INT_CONVERSION = YES;
				CLANG_WARN_NON_LITERAL_NULL_CONVERSION = YES;
				CLANG_WARN_OBJC_IMPLICIT_RETAIN_SELF = YES;
				CLANG_WARN_OBJC_LITERAL_CONVERSION = YES;
				CLANG_WARN_OBJC_ROOT_CLASS = YES_ERROR;
				CLANG_WARN_QUOTED_INCLUDE_IN_FRAMEWORK_HEADER = YES;
				CLANG_WARN_RANGE_LOOP_ANALYSIS = YES;
				CLANG_WARN_STRICT_PROTOTYPES = YES;
				CLANG_WARN_SUSPICIOUS_MOVE = YES;
				CLANG_WARN_UNGUARDED_AVAILABILITY = YES_AGGRESSIVE;
				CLANG_WARN_UNREACHABLE_CODE = YES;
				CLANG_WARN__DUPLICATE_METHOD_MATCH = YES;
				COPY_PHASE_STRIP = NO;
				DEBUG_INFORMATION_FORMAT = dwarf;
				ENABLE_STRICT_OBJC_MSGSEND = YES;
				ENABLE_TESTABILITY = YES;
				GCC_C_LANGUAGE_STANDARD = gnu11;
				GCC_DYNAMIC_NO_PIC = NO;
				GCC_NO_COMMON_BLOCKS = YES;
				GCC_OPTIMIZATION_LEVEL = 0;
				GCC_PREPROCESSOR_DEFINITIONS = (
					"DEBUG=1",
					"$(inherited)",
				);
				GCC_WARN_64_TO_32_BIT_CONVERSION = YES;
				GCC_WARN_ABOUT_RETURN_TYPE = YES_ERROR;
				GCC_WARN_UNDECLARED_SELECTOR = YES;
				GCC_WARN_UNINITIALIZED_AUTOS = YES_AGGRESSIVE;
				GCC_WARN_UNUSED_FUNCTION = YES;
				GCC_WARN_UNUSED_VARIABLE = YES;
				IPHONEOS_DEPLOYMENT_TARGET = 14.3;
				MTL_ENABLE_DEBUG_INFO = INCLUDE_SOURCE;
				MTL_FAST_MATH = YES;
				ONLY_ACTIVE_ARCH = YES;
				SDKROOT = iphoneos;
				SWIFT_ACTIVE_COMPILATION_CONDITIONS = DEBUG;
				SWIFT_OPTIMIZATION_LEVEL = "-Onone";
			};
			name = Debug;
		};
		7FCAA3EC25D0178700B1EE41 /* Release */ = {
			isa = XCBuildConfiguration;
			buildSettings = {
				ALWAYS_SEARCH_USER_PATHS = NO;
				CLANG_ANALYZER_NONNULL = YES;
				CLANG_ANALYZER_NUMBER_OBJECT_CONVERSION = YES_AGGRESSIVE;
				CLANG_CXX_LANGUAGE_STANDARD = "gnu++14";
				CLANG_CXX_LIBRARY = "libc++";
				CLANG_ENABLE_MODULES = YES;
				CLANG_ENABLE_OBJC_ARC = YES;
				CLANG_ENABLE_OBJC_WEAK = YES;
				CLANG_WARN_BLOCK_CAPTURE_AUTORELEASING = YES;
				CLANG_WARN_BOOL_CONVERSION = YES;
				CLANG_WARN_COMMA = YES;
				CLANG_WARN_CONSTANT_CONVERSION = YES;
				CLANG_WARN_DEPRECATED_OBJC_IMPLEMENTATIONS = YES;
				CLANG_WARN_DIRECT_OBJC_ISA_USAGE = YES_ERROR;
				CLANG_WARN_DOCUMENTATION_COMMENTS = YES;
				CLANG_WARN_EMPTY_BODY = YES;
				CLANG_WARN_ENUM_CONVERSION = YES;
				CLANG_WARN_INFINITE_RECURSION = YES;
				CLANG_WARN_INT_CONVERSION = YES;
				CLANG_WARN_NON_LITERAL_NULL_CONVERSION = YES;
				CLANG_WARN_OBJC_IMPLICIT_RETAIN_SELF = YES;
				CLANG_WARN_OBJC_LITERAL_CONVERSION = YES;
				CLANG_WARN_OBJC_ROOT_CLASS = YES_ERROR;
				CLANG_WARN_QUOTED_INCLUDE_IN_FRAMEWORK_HEADER = YES;
				CLANG_WARN_RANGE_LOOP_ANALYSIS = YES;
				CLANG_WARN_STRICT_PROTOTYPES = YES;
				CLANG_WARN_SUSPICIOUS_MOVE = YES;
				CLANG_WARN_UNGUARDED_AVAILABILITY = YES_AGGRESSIVE;
				CLANG_WARN_UNREACHABLE_CODE = YES;
				CLANG_WARN__DUPLICATE_METHOD_MATCH = YES;
				COPY_PHASE_STRIP = NO;
				DEBUG_INFORMATION_FORMAT = "dwarf-with-dsym";
				ENABLE_NS_ASSERTIONS = NO;
				ENABLE_STRICT_OBJC_MSGSEND = YES;
				GCC_C_LANGUAGE_STANDARD = gnu11;
				GCC_NO_COMMON_BLOCKS = YES;
				GCC_WARN_64_TO_32_BIT_CONVERSION = YES;
				GCC_WARN_ABOUT_RETURN_TYPE = YES_ERROR;
				GCC_WARN_UNDECLARED_SELECTOR = YES;
				GCC_WARN_UNINITIALIZED_AUTOS = YES_AGGRESSIVE;
				GCC_WARN_UNUSED_FUNCTION = YES;
				GCC_WARN_UNUSED_VARIABLE = YES;
				IPHONEOS_DEPLOYMENT_TARGET = 14.3;
				MTL_ENABLE_DEBUG_INFO = NO;
				MTL_FAST_MATH = YES;
				SDKROOT = iphoneos;
				SWIFT_COMPILATION_MODE = wholemodule;
				SWIFT_OPTIMIZATION_LEVEL = "-O";
				VALIDATE_PRODUCT = YES;
			};
			name = Release;
		};
		7FCAA3EE25D0178700B1EE41 /* Debug */ = {
			isa = XCBuildConfiguration;
			baseConfigurationReference = C5E6CDBD72EA82848B36DA59 /* Pods-PomodoroTimer.debug.xcconfig */;
			buildSettings = {
				ASSETCATALOG_COMPILER_APPICON_NAME = AppIcon;
				ASSETCATALOG_COMPILER_GLOBAL_ACCENT_COLOR_NAME = AccentColor;
				CODE_SIGN_STYLE = Automatic;
				DEVELOPMENT_TEAM = CX2G82J2TK;
				INFOPLIST_FILE = PomodoroTimer/Info.plist;
				LD_RUNPATH_SEARCH_PATHS = (
					"$(inherited)",
					"@executable_path/Frameworks",
				);
				PRODUCT_BUNDLE_IDENTIFIER = com.esikmalazman.PomodoroTimer;
				PRODUCT_NAME = "$(TARGET_NAME)";
				SWIFT_VERSION = 5.0;
				TARGETED_DEVICE_FAMILY = "1,2";
			};
			name = Debug;
		};
		7FCAA3EF25D0178700B1EE41 /* Release */ = {
			isa = XCBuildConfiguration;
			baseConfigurationReference = 038BADAEC36AD4FDE83FEF47 /* Pods-PomodoroTimer.release.xcconfig */;
			buildSettings = {
				ASSETCATALOG_COMPILER_APPICON_NAME = AppIcon;
				ASSETCATALOG_COMPILER_GLOBAL_ACCENT_COLOR_NAME = AccentColor;
				CODE_SIGN_STYLE = Automatic;
				DEVELOPMENT_TEAM = CX2G82J2TK;
				INFOPLIST_FILE = PomodoroTimer/Info.plist;
				LD_RUNPATH_SEARCH_PATHS = (
					"$(inherited)",
					"@executable_path/Frameworks",
				);
				PRODUCT_BUNDLE_IDENTIFIER = com.esikmalazman.PomodoroTimer;
				PRODUCT_NAME = "$(TARGET_NAME)";
				SWIFT_VERSION = 5.0;
				TARGETED_DEVICE_FAMILY = "1,2";
			};
			name = Release;
		};
/* End XCBuildConfiguration section */

/* Begin XCConfigurationList section */
		7FCAA3D425D0178600B1EE41 /* Build configuration list for PBXProject "PomodoroTimer" */ = {
			isa = XCConfigurationList;
			buildConfigurations = (
				7FCAA3EB25D0178700B1EE41 /* Debug */,
				7FCAA3EC25D0178700B1EE41 /* Release */,
			);
			defaultConfigurationIsVisible = 0;
			defaultConfigurationName = Release;
		};
		7FCAA3ED25D0178700B1EE41 /* Build configuration list for PBXNativeTarget "PomodoroTimer" */ = {
			isa = XCConfigurationList;
			buildConfigurations = (
				7FCAA3EE25D0178700B1EE41 /* Debug */,
				7FCAA3EF25D0178700B1EE41 /* Release */,
			);
			defaultConfigurationIsVisible = 0;
			defaultConfigurationName = Release;
		};
/* End XCConfigurationList section */
	};
	rootObject = 7FCAA3D125D0178600B1EE41 /* Project object */;
}
